
Microsoft Visual Studio Solution File, Format Version 12.00
# Visual Studio 15
VisualStudioVersion = 15.0.28307.1300
MinimumVisualStudioVersion = 10.0.40219.1
Project("{FAE04EC0-301F-11D3-BF4B-00C04F79EFBC}") = "MVC_project", "MVC_project\MVC_project.csproj", "{FF772C80-80A6-447D-997F-FD149ED4D185}"
EndProject
Global
	GlobalSection(SolutionConfigurationPlatforms) = preSolution
		Debug|Any CPU = Debug|Any CPU
		Release|Any CPU = Release|Any CPU
	EndGlobalSection
	GlobalSection(ProjectConfigurationPlatforms) = postSolution
		{FF772C80-80A6-447D-997F-FD149ED4D185}.Debug|Any CPU.ActiveCfg = Debug|Any CPU
		{FF772C80-80A6-447D-997F-FD149ED4D185}.Debug|Any CPU.Build.0 = Debug|Any CPU
		{FF772C80-80A6-447D-997F-FD149ED4D185}.Release|Any CPU.ActiveCfg = Release|Any CPU
		{FF772C80-80A6-447D-997F-FD149ED4D185}.Release|Any CPU.Build.0 = Release|Any CPU
	EndGlobalSection
	GlobalSection(SolutionProperties) = preSolution
		HideSolutionNode = FALSE
	EndGlobalSection
	GlobalSection(ExtensibilityGlobals) = postSolution
		SolutionGuid = {3430AF7C-1E50-4259-8E62-5193DE0D0720}
	EndGlobalSection
EndGlobal
